// !$*UTF8*$!
{
	archiveVersion = 1;
	classes = {
	};
	objectVersion = 46;
	objects = {

/* Begin PBXBuildFile section */
		18AC409B1F49996A009A0C39 /* main.m in Sources */ = {isa = PBXBuildFile; fileRef = 18AC409A1F49996A009A0C39 /* main.m */; };
		18AC409E1F49996A009A0C39 /* AppDelegate.m in Sources */ = {isa = PBXBuildFile; fileRef = 18AC409D1F49996A009A0C39 /* AppDelegate.m */; };
		18AC40A41F49996A009A0C39 /* Main.storyboard in Resources */ = {isa = PBXBuildFile; fileRef = 18AC40A21F49996A009A0C39 /* Main.storyboard */; };
		18AC40A61F49996A009A0C39 /* Assets.xcassets in Resources */ = {isa = PBXBuildFile; fileRef = 18AC40A51F49996A009A0C39 /* Assets.xcassets */; };
		18AC40A91F49996A009A0C39 /* LaunchScreen.storyboard in Resources */ = {isa = PBXBuildFile; fileRef = 18AC40A71F49996A009A0C39 /* LaunchScreen.storyboard */; };
		18AC40B41F49996A009A0C39 /* NavigationDemoTests.m in Sources */ = {isa = PBXBuildFile; fileRef = 18AC40B31F49996A009A0C39 /* NavigationDemoTests.m */; };
		18AC40BF1F49996A009A0C39 /* NavigationDemoUITests.m in Sources */ = {isa = PBXBuildFile; fileRef = 18AC40BE1F49996A009A0C39 /* NavigationDemoUITests.m */; };
		18AC40CF1F499A68009A0C39 /* RootViewController.m in Sources */ = {isa = PBXBuildFile; fileRef = 18AC40CD1F499A68009A0C39 /* RootViewController.m */; };
		18AC40D01F499A68009A0C39 /* RootViewController.xib in Resources */ = {isa = PBXBuildFile; fileRef = 18AC40CE1F499A68009A0C39 /* RootViewController.xib */; };
		18AC40D41F49ADBC009A0C39 /* SecondViewController.m in Sources */ = {isa = PBXBuildFile; fileRef = 18AC40D21F49ADBC009A0C39 /* SecondViewController.m */; };
		18AC40D51F49ADBC009A0C39 /* SecondViewController.xib in Resources */ = {isa = PBXBuildFile; fileRef = 18AC40D31F49ADBC009A0C39 /* SecondViewController.xib */; };
		18F9B2A81F4AFDC50007AAA1 /* BookListViewController.m in Sources */ = {isa = PBXBuildFile; fileRef = 18F9B2A61F4AFDC50007AAA1 /* BookListViewController.m */; };
		18F9B2A91F4AFDC50007AAA1 /* BookListViewController.xib in Resources */ = {isa = PBXBuildFile; fileRef = 18F9B2A71F4AFDC50007AAA1 /* BookListViewController.xib */; };
		18F9B2AD1F4B05A70007AAA1 /* DetailListViewController.m in Sources */ = {isa = PBXBuildFile; fileRef = 18F9B2AB1F4B05A70007AAA1 /* DetailListViewController.m */; };
		18F9B2AE1F4B05A70007AAA1 /* DetailListViewController.xib in Resources */ = {isa = PBXBuildFile; fileRef = 18F9B2AC1F4B05A70007AAA1 /* DetailListViewController.xib */; };
		18F9B2B21F4B0F800007AAA1 /* ThridViewController.m in Sources */ = {isa = PBXBuildFile; fileRef = 18F9B2B01F4B0F800007AAA1 /* ThridViewController.m */; };
		18F9B2B31F4B0F800007AAA1 /* ThridViewController.xib in Resources */ = {isa = PBXBuildFile; fileRef = 18F9B2B11F4B0F800007AAA1 /* ThridViewController.xib */; };
/* End PBXBuildFile section */

/* Begin PBXContainerItemProxy section */
		18AC40B01F49996A009A0C39 /* PBXContainerItemProxy */ = {
			isa = PBXContainerItemProxy;
			containerPortal = 18AC408E1F49996A009A0C39 /* Project object */;
			proxyType = 1;
			remoteGlobalIDString = 18AC40951F49996A009A0C39;
			remoteInfo = NavigationDemo;
		};
		18AC40BB1F49996A009A0C39 /* PBXContainerItemProxy */ = {
			isa = PBXContainerItemProxy;
			containerPortal = 18AC408E1F49996A009A0C39 /* Project object */;
			proxyType = 1;
			remoteGlobalIDString = 18AC40951F49996A009A0C39;
			remoteInfo = NavigationDemo;
		};
/* End PBXContainerItemProxy section */

/* Begin PBXFileReference section */
		18AC40961F49996A009A0C39 /* NavigationDemo.app */ = {isa = PBXFileReference; explicitFileType = wrapper.application; includeInIndex = 0; path = NavigationDemo.app; sourceTree = BUILT_PRODUCTS_DIR; };
		18AC409A1F49996A009A0C39 /* main.m */ = {isa = PBXFileReference; lastKnownFileType = sourcecode.c.objc; path = main.m; sourceTree = "<group>"; };
		18AC409C1F49996A009A0C39 /* AppDelegate.h */ = {isa = PBXFileReference; lastKnownFileType = sourcecode.c.h; path = AppDelegate.h; sourceTree = "<group>"; };
		18AC409D1F49996A009A0C39 /* AppDelegate.m */ = {isa = PBXFileReference; lastKnownFileType = sourcecode.c.objc; path = AppDelegate.m; sourceTree = "<group>"; };
		18AC40A31F49996A009A0C39 /* Base */ = {isa = PBXFileReference; lastKnownFileType = file.storyboard; name = Base; path = Base.lproj/Main.storyboard; sourceTree = "<group>"; };
		18AC40A51F49996A009A0C39 /* Assets.xcassets */ = {isa = PBXFileReference; lastKnownFileType = folder.assetcatalog; path = Assets.xcassets; sourceTree = "<group>"; };
		18AC40A81F49996A009A0C39 /* Base */ = {isa = PBXFileReference; lastKnownFileType = file.storyboard; name = Base; path = Base.lproj/LaunchScreen.storyboard; sourceTree = "<group>"; };
		18AC40AA1F49996A009A0C39 /* Info.plist */ = {isa = PBXFileReference; lastKnownFileType = text.plist.xml; path = Info.plist; sourceTree = "<group>"; };
		18AC40AF1F49996A009A0C39 /* NavigationDemoTests.xctest */ = {isa = PBXFileReference; explicitFileType = wrapper.cfbundle; includeInIndex = 0; path = NavigationDemoTests.xctest; sourceTree = BUILT_PRODUCTS_DIR; };
		18AC40B31F49996A009A0C39 /* NavigationDemoTests.m */ = {isa = PBXFileReference; lastKnownFileType = sourcecode.c.objc; path = NavigationDemoTests.m; sourceTree = "<group>"; };
		18AC40B51F49996A009A0C39 /* Info.plist */ = {isa = PBXFileReference; lastKnownFileType = text.plist.xml; path = Info.plist; sourceTree = "<group>"; };
		18AC40BA1F49996A009A0C39 /* NavigationDemoUITests.xctest */ = {isa = PBXFileReference; explicitFileType = wrapper.cfbundle; includeInIndex = 0; path = NavigationDemoUITests.xctest; sourceTree = BUILT_PRODUCTS_DIR; };
		18AC40BE1F49996A009A0C39 /* NavigationDemoUITests.m */ = {isa = PBXFileReference; lastKnownFileType = sourcecode.c.objc; path = NavigationDemoUITests.m; sourceTree = "<group>"; };
		18AC40C01F49996A009A0C39 /* Info.plist */ = {isa = PBXFileReference; lastKnownFileType = text.plist.xml; path = Info.plist; sourceTree = "<group>"; };
		18AC40CC1F499A68009A0C39 /* RootViewController.h */ = {isa = PBXFileReference; fileEncoding = 4; lastKnownFileType = sourcecode.c.h; path = RootViewController.h; sourceTree = "<group>"; };
		18AC40CD1F499A68009A0C39 /* RootViewController.m */ = {isa = PBXFileReference; fileEncoding = 4; lastKnownFileType = sourcecode.c.objc; path = RootViewController.m; sourceTree = "<group>"; };
		18AC40CE1F499A68009A0C39 /* RootViewController.xib */ = {isa = PBXFileReference; fileEncoding = 4; lastKnownFileType = file.xib; path = RootViewController.xib; sourceTree = "<group>"; };
		18AC40D11F49ADBC009A0C39 /* SecondViewController.h */ = {isa = PBXFileReference; fileEncoding = 4; lastKnownFileType = sourcecode.c.h; path = SecondViewController.h; sourceTree = "<group>"; };
		18AC40D21F49ADBC009A0C39 /* SecondViewController.m */ = {isa = PBXFileReference; fileEncoding = 4; lastKnownFileType = sourcecode.c.objc; path = SecondViewController.m; sourceTree = "<group>"; };
		18AC40D31F49ADBC009A0C39 /* SecondViewController.xib */ = {isa = PBXFileReference; fileEncoding = 4; lastKnownFileType = file.xib; path = SecondViewController.xib; sourceTree = "<group>"; };
		18F9B2A51F4AFDC50007AAA1 /* BookListViewController.h */ = {isa = PBXFileReference; fileEncoding = 4; lastKnownFileType = sourcecode.c.h; path = BookListViewController.h; sourceTree = "<group>"; };
		18F9B2A61F4AFDC50007AAA1 /* BookListViewController.m */ = {isa = PBXFileReference; fileEncoding = 4; lastKnownFileType = sourcecode.c.objc; path = BookListViewController.m; sourceTree = "<group>"; };
		18F9B2A71F4AFDC50007AAA1 /* BookListViewController.xib */ = {isa = PBXFileReference; fileEncoding = 4; lastKnownFileType = file.xib; path = BookListViewController.xib; sourceTree = "<group>"; };
		18F9B2AA1F4B05A70007AAA1 /* DetailListViewController.h */ = {isa = PBXFileReference; fileEncoding = 4; lastKnownFileType = sourcecode.c.h; path = DetailListViewController.h; sourceTree = "<group>"; };
		18F9B2AB1F4B05A70007AAA1 /* DetailListViewController.m */ = {isa = PBXFileReference; fileEncoding = 4; lastKnownFileType = sourcecode.c.objc; path = DetailListViewController.m; sourceTree = "<group>"; };
		18F9B2AC1F4B05A70007AAA1 /* DetailListViewController.xib */ = {isa = PBXFileReference; fileEncoding = 4; lastKnownFileType = file.xib; path = DetailListViewController.xib; sourceTree = "<group>"; };
		18F9B2AF1F4B0F800007AAA1 /* ThridViewController.h */ = {isa = PBXFileReference; fileEncoding = 4; lastKnownFileType = sourcecode.c.h; path = ThridViewController.h; sourceTree = "<group>"; };
		18F9B2B01F4B0F800007AAA1 /* ThridViewController.m */ = {isa = PBXFileReference; fileEncoding = 4; lastKnownFileType = sourcecode.c.objc; path = ThridViewController.m; sourceTree = "<group>"; };
		18F9B2B11F4B0F800007AAA1 /* ThridViewController.xib */ = {isa = PBXFileReference; fileEncoding = 4; lastKnownFileType = file.xib; path = ThridViewController.xib; sourceTree = "<group>"; };
/* End PBXFileReference section */

/* Begin PBXFrameworksBuildPhase section */
		18AC40931F49996A009A0C39 /* Frameworks */ = {
			isa = PBXFrameworksBuildPhase;
			buildActionMask = 2147483647;
			files = (
			);
			runOnlyForDeploymentPostprocessing = 0;
		};
		18AC40AC1F49996A009A0C39 /* Frameworks */ = {
			isa = PBXFrameworksBuildPhase;
			buildActionMask = 2147483647;
			files = (
			);
			runOnlyForDeploymentPostprocessing = 0;
		};
		18AC40B71F49996A009A0C39 /* Frameworks */ = {
			isa = PBXFrameworksBuildPhase;
			buildActionMask = 2147483647;
			files = (
			);
			runOnlyForDeploymentPostprocessing = 0;
		};
/* End PBXFrameworksBuildPhase section */

/* Begin PBXGroup section */
		18AC408D1F49996A009A0C39 = {
			isa = PBXGroup;
			children = (
				18AC40981F49996A009A0C39 /* NavigationDemo */,
				18AC40B21F49996A009A0C39 /* NavigationDemoTests */,
				18AC40BD1F49996A009A0C39 /* NavigationDemoUITests */,
				18AC40971F49996A009A0C39 /* Products */,
			);
			sourceTree = "<group>";
		};
		18AC40971F49996A009A0C39 /* Products */ = {
			isa = PBXGroup;
			children = (
				18AC40961F49996A009A0C39 /* NavigationDemo.app */,
				18AC40AF1F49996A009A0C39 /* NavigationDemoTests.xctest */,
				18AC40BA1F49996A009A0C39 /* NavigationDemoUITests.xctest */,
			);
			name = Products;
			sourceTree = "<group>";
		};
		18AC40981F49996A009A0C39 /* NavigationDemo */ = {
			isa = PBXGroup;
			children = (
				18AC409C1F49996A009A0C39 /* AppDelegate.h */,
				18AC409D1F49996A009A0C39 /* AppDelegate.m */,
				18AC40A21F49996A009A0C39 /* Main.storyboard */,
				18AC40CC1F499A68009A0C39 /* RootViewController.h */,
				18AC40CD1F499A68009A0C39 /* RootViewController.m */,
				18F9B2AA1F4B05A70007AAA1 /* DetailListViewController.h */,
				18F9B2AB1F4B05A70007AAA1 /* DetailListViewController.m */,
				18F9B2AC1F4B05A70007AAA1 /* DetailListViewController.xib */,
				18AC40D11F49ADBC009A0C39 /* SecondViewController.h */,
				18AC40D21F49ADBC009A0C39 /* SecondViewController.m */,
				18F9B2AF1F4B0F800007AAA1 /* ThridViewController.h */,
				18F9B2B01F4B0F800007AAA1 /* ThridViewController.m */,
				18F9B2B11F4B0F800007AAA1 /* ThridViewController.xib */,
				18AC40D31F49ADBC009A0C39 /* SecondViewController.xib */,
				18AC40CE1F499A68009A0C39 /* RootViewController.xib */,
				18AC40A51F49996A009A0C39 /* Assets.xcassets */,
				18AC40A71F49996A009A0C39 /* LaunchScreen.storyboard */,
				18AC40AA1F49996A009A0C39 /* Info.plist */,
				18AC40991F49996A009A0C39 /* Supporting Files */,
				18F9B2A51F4AFDC50007AAA1 /* BookListViewController.h */,
				18F9B2A61F4AFDC50007AAA1 /* BookListViewController.m */,
				18F9B2A71F4AFDC50007AAA1 /* BookListViewController.xib */,
			);
			path = NavigationDemo;
			sourceTree = "<group>";
		};
		18AC40991F49996A009A0C39 /* Supporting Files */ = {
			isa = PBXGroup;
			children = (
				18AC409A1F49996A009A0C39 /* main.m */,
			);
			name = "Supporting Files";
			sourceTree = "<group>";
		};
		18AC40B21F49996A009A0C39 /* NavigationDemoTests */ = {
			isa = PBXGroup;
			children = (
				18AC40B31F49996A009A0C39 /* NavigationDemoTests.m */,
				18AC40B51F49996A009A0C39 /* Info.plist */,
			);
			path = NavigationDemoTests;
			sourceTree = "<group>";
		};
		18AC40BD1F49996A009A0C39 /* NavigationDemoUITests */ = {
			isa = PBXGroup;
			children = (
				18AC40BE1F49996A009A0C39 /* NavigationDemoUITests.m */,
				18AC40C01F49996A009A0C39 /* Info.plist */,
			);
			path = NavigationDemoUITests;
			sourceTree = "<group>";
		};
/* End PBXGroup section */

/* Begin PBXNativeTarget section */
		18AC40951F49996A009A0C39 /* NavigationDemo */ = {
			isa = PBXNativeTarget;
			buildConfigurationList = 18AC40C31F49996A009A0C39 /* Build configuration list for PBXNativeTarget "NavigationDemo" */;
			buildPhases = (
				18AC40921F49996A009A0C39 /* Sources */,
				18AC40931F49996A009A0C39 /* Frameworks */,
				18AC40941F49996A009A0C39 /* Resources */,
			);
			buildRules = (
			);
			dependencies = (
			);
			name = NavigationDemo;
			productName = NavigationDemo;
			productReference = 18AC40961F49996A009A0C39 /* NavigationDemo.app */;
			productType = "com.apple.product-type.application";
		};
		18AC40AE1F49996A009A0C39 /* NavigationDemoTests */ = {
			isa = PBXNativeTarget;
			buildConfigurationList = 18AC40C61F49996A009A0C39 /* Build configuration list for PBXNativeTarget "NavigationDemoTests" */;
			buildPhases = (
				18AC40AB1F49996A009A0C39 /* Sources */,
				18AC40AC1F49996A009A0C39 /* Frameworks */,
				18AC40AD1F49996A009A0C39 /* Resources */,
			);
			buildRules = (
			);
			dependencies = (
				18AC40B11F49996A009A0C39 /* PBXTargetDependency */,
			);
			name = NavigationDemoTests;
			productName = NavigationDemoTests;
			productReference = 18AC40AF1F49996A009A0C39 /* NavigationDemoTests.xctest */;
			productType = "com.apple.product-type.bundle.unit-test";
		};
		18AC40B91F49996A009A0C39 /* NavigationDemoUITests */ = {
			isa = PBXNativeTarget;
			buildConfigurationList = 18AC40C91F49996A009A0C39 /* Build configuration list for PBXNativeTarget "NavigationDemoUITests" */;
			buildPhases = (
				18AC40B61F49996A009A0C39 /* Sources */,
				18AC40B71F49996A009A0C39 /* Frameworks */,
				18AC40B81F49996A009A0C39 /* Resources */,
			);
			buildRules = (
			);
			dependencies = (
				18AC40BC1F49996A009A0C39 /* PBXTargetDependency */,
			);
			name = NavigationDemoUITests;
			productName = NavigationDemoUITests;
			productReference = 18AC40BA1F49996A009A0C39 /* NavigationDemoUITests.xctest */;
			productType = "com.apple.product-type.bundle.ui-testing";
		};
/* End PBXNativeTarget section */

/* Begin PBXProject section */
		18AC408E1F49996A009A0C39 /* Project object */ = {
			isa = PBXProject;
			attributes = {
				LastUpgradeCheck = 0830;
				ORGANIZATIONNAME = Apple;
				TargetAttributes = {
					18AC40951F49996A009A0C39 = {
						CreatedOnToolsVersion = 8.3.3;
						DevelopmentTeam = E86K892765;
						ProvisioningStyle = Automatic;
					};
					18AC40AE1F49996A009A0C39 = {
						CreatedOnToolsVersion = 8.3.3;
						DevelopmentTeam = E86K892765;
						ProvisioningStyle = Automatic;
						TestTargetID = 18AC40951F49996A009A0C39;
					};
					18AC40B91F49996A009A0C39 = {
						CreatedOnToolsVersion = 8.3.3;
						DevelopmentTeam = E86K892765;
						ProvisioningStyle = Automatic;
						TestTargetID = 18AC40951F49996A009A0C39;
					};
				};
			};
			buildConfigurationList = 18AC40911F49996A009A0C39 /* Build configuration list for PBXProject "NavigationDemo" */;
			compatibilityVersion = "Xcode 3.2";
			developmentRegion = English;
			hasScannedForEncodings = 0;
			knownRegions = (
				en,
				Base,
			);
			mainGroup = 18AC408D1F49996A009A0C39;
			productRefGroup = 18AC40971F49996A009A0C39 /* Products */;
			projectDirPath = "";
			projectRoot = "";
			targets = (
				18AC40951F49996A009A0C39 /* NavigationDemo */,
				18AC40AE1F49996A009A0C39 /* NavigationDemoTests */,
				18AC40B91F49996A009A0C39 /* NavigationDemoUITests */,
			);
		};
/* End PBXProject section */

/* Begin PBXResourcesBuildPhase section */
		18AC40941F49996A009A0C39 /* Resources */ = {
			isa = PBXResourcesBuildPhase;
			buildActionMask = 2147483647;
			files = (
				18F9B2AE1F4B05A70007AAA1 /* DetailListViewController.xib in Resources */,
				18AC40A91F49996A009A0C39 /* LaunchScreen.storyboard in Resources */,
				18F9B2B31F4B0F800007AAA1 /* ThridViewController.xib in Resources */,
				18AC40A61F49996A009A0C39 /* Assets.xcassets in Resources */,
				18AC40D01F499A68009A0C39 /* RootViewController.xib in Resources */,
				18AC40A41F49996A009A0C39 /* Main.storyboard in Resources */,
				18AC40D51F49ADBC009A0C39 /* SecondViewController.xib in Resources */,
				18F9B2A91F4AFDC50007AAA1 /* BookListViewController.xib in Resources */,
			);
			runOnlyForDeploymentPostprocessing = 0;
		};
		18AC40AD1F49996A009A0C39 /* Resources */ = {
			isa = PBXResourcesBuildPhase;
			buildActionMask = 2147483647;
			files = (
			);
			runOnlyForDeploymentPostprocessing = 0;
		};
		18AC40B81F49996A009A0C39 /* Resources */ = {
			isa = PBXResourcesBuildPhase;
			buildActionMask = 2147483647;
			files = (
			);
			runOnlyForDeploymentPostprocessing = 0;
		};
/* End PBXResourcesBuildPhase section */

/* Begin PBXSourcesBuildPhase section */
		18AC40921F49996A009A0C39 /* Sources */ = {
			isa = PBXSourcesBuildPhase;
			buildActionMask = 2147483647;
			files = (
				18AC40D41F49ADBC009A0C39 /* SecondViewController.m in Sources */,
				18AC409E1F49996A009A0C39 /* AppDelegate.m in Sources */,
				18AC40CF1F499A68009A0C39 /* RootViewController.m in Sources */,
				18F9B2AD1F4B05A70007AAA1 /* DetailListViewController.m in Sources */,
				18F9B2B21F4B0F800007AAA1 /* ThridViewController.m in Sources */,
				18F9B2A81F4AFDC50007AAA1 /* BookListViewController.m in Sources */,
				18AC409B1F49996A009A0C39 /* main.m in Sources */,
			);
			runOnlyForDeploymentPostprocessing = 0;
		};
		18AC40AB1F49996A009A0C39 /* Sources */ = {
			isa = PBXSourcesBuildPhase;
			buildActionMask = 2147483647;
			files = (
				18AC40B41F49996A009A0C39 /* NavigationDemoTests.m in Sources */,
			);
			runOnlyForDeploymentPostprocessing = 0;
		};
		18AC40B61F49996A009A0C39 /* Sources */ = {
			isa = PBXSourcesBuildPhase;
			buildActionMask = 2147483647;
			files = (
				18AC40BF1F49996A009A0C39 /* NavigationDemoUITests.m in Sources */,
			);
			runOnlyForDeploymentPostprocessing = 0;
		};
/* End PBXSourcesBuildPhase section */

/* Begin PBXTargetDependency section */
		18AC40B11F49996A009A0C39 /* PBXTargetDependency */ = {
			isa = PBXTargetDependency;
			target = 18AC40951F49996A009A0C39 /* NavigationDemo */;
			targetProxy = 18AC40B01F49996A009A0C39 /* PBXContainerItemProxy */;
		};
		18AC40BC1F49996A009A0C39 /* PBXTargetDependency */ = {
			isa = PBXTargetDependency;
			target = 18AC40951F49996A009A0C39 /* NavigationDemo */;
			targetProxy = 18AC40BB1F49996A009A0C39 /* PBXContainerItemProxy */;
		};
/* End PBXTargetDependency section */

/* Begin PBXVariantGroup section */
		18AC40A21F49996A009A0C39 /* Main.storyboard */ = {
			isa = PBXVariantGroup;
			children = (
				18AC40A31F49996A009A0C39 /* Base */,
			);
			name = Main.storyboard;
			sourceTree = "<group>";
		};
		18AC40A71F49996A009A0C39 /* LaunchScreen.storyboard */ = {
			isa = PBXVariantGroup;
			children = (
				18AC40A81F49996A009A0C39 /* Base */,
			);
			name = LaunchScreen.storyboard;
			sourceTree = "<group>";
		};
/* End PBXVariantGroup section */

/* Begin XCBuildConfiguration section */
		18AC40C11F49996A009A0C39 /* Debug */ = {
			isa = XCBuildConfiguration;
			buildSettings = {
				ALWAYS_SEARCH_USER_PATHS = NO;
				CLANG_ANALYZER_NONNULL = YES;
				CLANG_ANALYZER_NUMBER_OBJECT_CONVERSION = YES_AGGRESSIVE;
				CLANG_CXX_LANGUAGE_STANDARD = "gnu++0x";
				CLANG_CXX_LIBRARY = "libc++";
				CLANG_ENABLE_MODULES = YES;
				CLANG_ENABLE_OBJC_ARC = YES;
				CLANG_WARN_BOOL_CONVERSION = YES;
				CLANG_WARN_CONSTANT_CONVERSION = YES;
				CLANG_WARN_DIRECT_OBJC_ISA_USAGE = YES_ERROR;
				CLANG_WARN_DOCUMENTATION_COMMENTS = YES;
				CLANG_WARN_EMPTY_BODY = YES;
				CLANG_WARN_ENUM_CONVERSION = YES;
				CLANG_WARN_INFINITE_RECURSION = YES;
				CLANG_WARN_INT_CONVERSION = YES;
				CLANG_WARN_OBJC_ROOT_CLASS = YES_ERROR;
				CLANG_WARN_SUSPICIOUS_MOVE = YES;
				CLANG_WARN_UNREACHABLE_CODE = YES;
				CLANG_WARN__DUPLICATE_METHOD_MATCH = YES;
				"CODE_SIGN_IDENTITY[sdk=iphoneos*]" = "iPhone Developer";
				COPY_PHASE_STRIP = NO;
				DEBUG_INFORMATION_FORMAT = dwarf;
				ENABLE_STRICT_OBJC_MSGSEND = YES;
				ENABLE_TESTABILITY = YES;
				GCC_C_LANGUAGE_STANDARD = gnu99;
				GCC_DYNAMIC_NO_PIC = NO;
				GCC_NO_COMMON_BLOCKS = YES;
				GCC_OPTIMIZATION_LEVEL = 0;
				GCC_PREPROCESSOR_DEFINITIONS = (
					"DEBUG=1",
					"$(inherited)",
				);
				GCC_WARN_64_TO_32_BIT_CONVERSION = YES;
				GCC_WARN_ABOUT_RETURN_TYPE = YES_ERROR;
				GCC_WARN_UNDECLARED_SELECTOR = YES;
				GCC_WARN_UNINITIALIZED_AUTOS = YES_AGGRESSIVE;
				GCC_WARN_UNUSED_FUNCTION = YES;
				GCC_WARN_UNUSED_VARIABLE = YES;
				IPHONEOS_DEPLOYMENT_TARGET = 10.3;
				MTL_ENABLE_DEBUG_INFO = YES;
				ONLY_ACTIVE_ARCH = YES;
				SDKROOT = iphoneos;
				TARGETED_DEVICE_FAMILY = "1,2";
			};
			name = Debug;
		};
		18AC40C21F49996A009A0C39 /* Release */ = {
			isa = XCBuildConfiguration;
			buildSettings = {
				ALWAYS_SEARCH_USER_PATHS = NO;
				CLANG_ANALYZER_NONNULL = YES;
				CLANG_ANALYZER_NUMBER_OBJECT_CONVERSION = YES_AGGRESSIVE;
				CLANG_CXX_LANGUAGE_STANDARD = "gnu++0x";
				CLANG_CXX_LIBRARY = "libc++";
				CLANG_ENABLE_MODULES = YES;
				CLANG_ENABLE_OBJC_ARC = YES;
				CLANG_WARN_BOOL_CONVERSION = YES;
				CLANG_WARN_CONSTANT_CONVERSION = YES;
				CLANG_WARN_DIRECT_OBJC_ISA_USAGE = YES_ERROR;
				CLANG_WARN_DOCUMENTATION_COMMENTS = YES;
				CLANG_WARN_EMPTY_BODY = YES;
				CLANG_WARN_ENUM_CONVERSION = YES;
				CLANG_WARN_INFINITE_RECURSION = YES;
				CLANG_WARN_INT_CONVERSION = YES;
				CLANG_WARN_OBJC_ROOT_CLASS = YES_ERROR;
				CLANG_WARN_SUSPICIOUS_MOVE = YES;
				CLANG_WARN_UNREACHABLE_CODE = YES;
				CLANG_WARN__DUPLICATE_METHOD_MATCH = YES;
				"CODE_SIGN_IDENTITY[sdk=iphoneos*]" = "iPhone Developer";
				COPY_PHASE_STRIP = NO;
				DEBUG_INFORMATION_FORMAT = "dwarf-with-dsym";
				ENABLE_NS_ASSERTIONS = NO;
				ENABLE_STRICT_OBJC_MSGSEND = YES;
				GCC_C_LANGUAGE_STANDARD = gnu99;
				GCC_NO_COMMON_BLOCKS = YES;
				GCC_WARN_64_TO_32_BIT_CONVERSION = YES;
				GCC_WARN_ABOUT_RETURN_TYPE = YES_ERROR;
				GCC_WARN_UNDECLARED_SELECTOR = YES;
				GCC_WARN_UNINITIALIZED_AUTOS = YES_AGGRESSIVE;
				GCC_WARN_UNUSED_FUNCTION = YES;
				GCC_WARN_UNUSED_VARIABLE = YES;
				IPHONEOS_DEPLOYMENT_TARGET = 10.3;
				MTL_ENABLE_DEBUG_INFO = NO;
				SDKROOT = iphoneos;
				TARGETED_DEVICE_FAMILY = "1,2";
				VALIDATE_PRODUCT = YES;
			};
			name = Release;
		};
		18AC40C41F49996A009A0C39 /* Debug */ = {
			isa = XCBuildConfiguration;
			buildSettings = {
				ASSETCATALOG_COMPILER_APPICON_NAME = AppIcon;
				DEVELOPMENT_TEAM = E86K892765;
				INFOPLIST_FILE = NavigationDemo/Info.plist;
				LD_RUNPATH_SEARCH_PATHS = "$(inherited) @executable_path/Frameworks";
				PRODUCT_BUNDLE_IDENTIFIER = com.xum.test.NavigationDemo;
				PRODUCT_NAME = "$(TARGET_NAME)";
			};
			name = Debug;
		};
		18AC40C51F49996A009A0C39 /* Release */ = {
			isa = XCBuildConfiguration;
			buildSettings = {
				ASSETCATALOG_COMPILER_APPICON_NAME = AppIcon;
				DEVELOPMENT_TEAM = E86K892765;
				INFOPLIST_FILE = NavigationDemo/Info.plist;
				LD_RUNPATH_SEARCH_PATHS = "$(inherited) @executable_path/Frameworks";
				PRODUCT_BUNDLE_IDENTIFIER = com.xum.test.NavigationDemo;
				PRODUCT_NAME = "$(TARGET_NAME)";
			};
			name = Release;
		};
		18AC40C71F49996A009A0C39 /* Debug */ = {
			isa = XCBuildConfiguration;
			buildSettings = {
				BUNDLE_LOADER = "$(TEST_HOST)";
				DEVELOPMENT_TEAM = E86K892765;
				INFOPLIST_FILE = NavigationDemoTests/Info.plist;
				LD_RUNPATH_SEARCH_PATHS = "$(inherited) @executable_path/Frameworks @loader_path/Frameworks";
				PRODUCT_BUNDLE_IDENTIFIER = com.xum.test.NavigationDemoTests;
				PRODUCT_NAME = "$(TARGET_NAME)";
				TEST_HOST = "$(BUILT_PRODUCTS_DIR)/NavigationDemo.app/NavigationDemo";
			};
			name = Debug;
		};
		18AC40C81F49996A009A0C39 /* Release */ = {
			isa = XCBuildConfiguration;
			buildSettings = {
				BUNDLE_LOADER = "$(TEST_HOST)";
				DEVELOPMENT_TEAM = E86K892765;
				INFOPLIST_FILE = NavigationDemoTests/Info.plist;
				LD_RUNPATH_SEARCH_PATHS = "$(inherited) @executable_path/Frameworks @loader_path/Frameworks";
				PRODUCT_BUNDLE_IDENTIFIER = com.xum.test.NavigationDemoTests;
				PRODUCT_NAME = "$(TARGET_NAME)";
				TEST_HOST = "$(BUILT_PRODUCTS_DIR)/NavigationDemo.app/NavigationDemo";
			};
			name = Release;
		};
		18AC40CA1F49996A009A0C39 /* Debug */ = {
			isa = XCBuildConfiguration;
			buildSettings = {
				DEVELOPMENT_TEAM = E86K892765;
				INFOPLIST_FILE = NavigationDemoUITests/Info.plist;
				LD_RUNPATH_SEARCH_PATHS = "$(inherited) @executable_path/Frameworks @loader_path/Frameworks";
				PRODUCT_BUNDLE_IDENTIFIER = com.xum.test.NavigationDemoUITests;
				PRODUCT_NAME = "$(TARGET_NAME)";
				TEST_TARGET_NAME = NavigationDemo;
			};
			name = Debug;
		};
		18AC40CB1F49996A009A0C39 /* Release */ = {
			isa = XCBuildConfiguration;
			buildSettings = {
				DEVELOPMENT_TEAM = E86K892765;
				INFOPLIST_FILE = NavigationDemoUITests/Info.plist;
				LD_RUNPATH_SEARCH_PATHS = "$(inherited) @executable_path/Frameworks @loader_path/Frameworks";
				PRODUCT_BUNDLE_IDENTIFIER = com.xum.test.NavigationDemoUITests;
				PRODUCT_NAME = "$(TARGET_NAME)";
				TEST_TARGET_NAME = NavigationDemo;
			};
			name = Release;
		};
/* End XCBuildConfiguration section */

/* Begin XCConfigurationList section */
		18AC40911F49996A009A0C39 /* Build configuration list for PBXProject "NavigationDemo" */ = {
			isa = XCConfigurationList;
			buildConfigurations = (
				18AC40C11F49996A009A0C39 /* Debug */,
				18AC40C21F49996A009A0C39 /* Release */,
			);
			defaultConfigurationIsVisible = 0;
			defaultConfigurationName = Release;
		};
		18AC40C31F49996A009A0C39 /* Build configuration list for PBXNativeTarget "NavigationDemo" */ = {
			isa = XCConfigurationList;
			buildConfigurations = (
				18AC40C41F49996A009A0C39 /* Debug */,
				18AC40C51F49996A009A0C39 /* Release */,
			);
			defaultConfigurationIsVisible = 0;
			defaultConfigurationName = Release;
		};
		18AC40C61F49996A009A0C39 /* Build configuration list for PBXNativeTarget "NavigationDemoTests" */ = {
			isa = XCConfigurationList;
			buildConfigurations = (
				18AC40C71F49996A009A0C39 /* Debug */,
				18AC40C81F49996A009A0C39 /* Release */,
			);
			defaultConfigurationIsVisible = 0;
			defaultConfigurationName = Release;
		};
		18AC40C91F49996A009A0C39 /* Build configuration list for PBXNativeTarget "NavigationDemoUITests" */ = {
			isa = XCConfigurationList;
			buildConfigurations = (
				18AC40CA1F49996A009A0C39 /* Debug */,
				18AC40CB1F49996A009A0C39 /* Release */,
			);
			defaultConfigurationIsVisible = 0;
			defaultConfigurationName = Release;
		};
/* End XCConfigurationList section */
	};
	rootObject = 18AC408E1F49996A009A0C39 /* Project object */;
}
